// !$*UTF8*$!
{
	archiveVersion = 1;
	classes = {
	};
	objectVersion = 55;
	objects = {

/* Begin PBXBuildFile section */
		1FE1888C289FFF5400E42B51 /* AppDelegate.swift in Sources */ = {isa = PBXBuildFile; fileRef = 1FE1888B289FFF5400E42B51 /* AppDelegate.swift */; };
		1FE1888E289FFF5400E42B51 /* SceneDelegate.swift in Sources */ = {isa = PBXBuildFile; fileRef = 1FE1888D289FFF5400E42B51 /* SceneDelegate.swift */; };
		1FE18890289FFF5400E42B51 /* ViewController.swift in Sources */ = {isa = PBXBuildFile; fileRef = 1FE1888F289FFF5400E42B51 /* ViewController.swift */; };
		1FE18893289FFF5400E42B51 /* Main.storyboard in Resources */ = {isa = PBXBuildFile; fileRef = 1FE18891289FFF5400E42B51 /* Main.storyboard */; };
		1FE18895289FFF5500E42B51 /* Assets.xcassets in Resources */ = {isa = PBXBuildFile; fileRef = 1FE18894289FFF5500E42B51 /* Assets.xcassets */; };
		1FE18898289FFF5500E42B51 /* LaunchScreen.storyboard in Resources */ = {isa = PBXBuildFile; fileRef = 1FE18896289FFF5500E42B51 /* LaunchScreen.storyboard */; };
		1FE188A3289FFF5500E42B51 /* Viper_TaskTests.swift in Sources */ = {isa = PBXBuildFile; fileRef = 1FE188A2289FFF5500E42B51 /* Viper_TaskTests.swift */; };
		1FE188AD289FFF5500E42B51 /* Viper_TaskUITests.swift in Sources */ = {isa = PBXBuildFile; fileRef = 1FE188AC289FFF5500E42B51 /* Viper_TaskUITests.swift */; };
		1FE188AF289FFF5500E42B51 /* Viper_TaskUITestsLaunchTests.swift in Sources */ = {isa = PBXBuildFile; fileRef = 1FE188AE289FFF5500E42B51 /* Viper_TaskUITestsLaunchTests.swift */; };
/* End PBXBuildFile section */

/* Begin PBXContainerItemProxy section */
		1FE1889F289FFF5500E42B51 /* PBXContainerItemProxy */ = {
			isa = PBXContainerItemProxy;
			containerPortal = 1FE18880289FFF5400E42B51 /* Project object */;
			proxyType = 1;
			remoteGlobalIDString = 1FE18887289FFF5400E42B51;
			remoteInfo = "Viper-Task";
		};
		1FE188A9289FFF5500E42B51 /* PBXContainerItemProxy */ = {
			isa = PBXContainerItemProxy;
			containerPortal = 1FE18880289FFF5400E42B51 /* Project object */;
			proxyType = 1;
			remoteGlobalIDString = 1FE18887289FFF5400E42B51;
			remoteInfo = "Viper-Task";
		};
/* End PBXContainerItemProxy section */

/* Begin PBXFileReference section */
		1FE18888289FFF5400E42B51 /* Viper-Task.app */ = {isa = PBXFileReference; explicitFileType = wrapper.application; includeInIndex = 0; path = "Viper-Task.app"; sourceTree = BUILT_PRODUCTS_DIR; };
		1FE1888B289FFF5400E42B51 /* AppDelegate.swift */ = {isa = PBXFileReference; lastKnownFileType = sourcecode.swift; path = AppDelegate.swift; sourceTree = "<group>"; };
		1FE1888D289FFF5400E42B51 /* SceneDelegate.swift */ = {isa = PBXFileReference; lastKnownFileType = sourcecode.swift; path = SceneDelegate.swift; sourceTree = "<group>"; };
		1FE1888F289FFF5400E42B51 /* ViewController.swift */ = {isa = PBXFileReference; lastKnownFileType = sourcecode.swift; path = ViewController.swift; sourceTree = "<group>"; };
		1FE18892289FFF5400E42B51 /* Base */ = {isa = PBXFileReference; lastKnownFileType = file.storyboard; name = Base; path = Base.lproj/Main.storyboard; sourceTree = "<group>"; };
		1FE18894289FFF5500E42B51 /* Assets.xcassets */ = {isa = PBXFileReference; lastKnownFileType = folder.assetcatalog; path = Assets.xcassets; sourceTree = "<group>"; };
		1FE18897289FFF5500E42B51 /* Base */ = {isa = PBXFileReference; lastKnownFileType = file.storyboard; name = Base; path = Base.lproj/LaunchScreen.storyboard; sourceTree = "<group>"; };
		1FE18899289FFF5500E42B51 /* Info.plist */ = {isa = PBXFileReference; lastKnownFileType = text.plist.xml; path = Info.plist; sourceTree = "<group>"; };
		1FE1889E289FFF5500E42B51 /* Viper-TaskTests.xctest */ = {isa = PBXFileReference; explicitFileType = wrapper.cfbundle; includeInIndex = 0; path = "Viper-TaskTests.xctest"; sourceTree = BUILT_PRODUCTS_DIR; };
		1FE188A2289FFF5500E42B51 /* Viper_TaskTests.swift */ = {isa = PBXFileReference; lastKnownFileType = sourcecode.swift; path = Viper_TaskTests.swift; sourceTree = "<group>"; };
		1FE188A8289FFF5500E42B51 /* Viper-TaskUITests.xctest */ = {isa = PBXFileReference; explicitFileType = wrapper.cfbundle; includeInIndex = 0; path = "Viper-TaskUITests.xctest"; sourceTree = BUILT_PRODUCTS_DIR; };
		1FE188AC289FFF5500E42B51 /* Viper_TaskUITests.swift */ = {isa = PBXFileReference; lastKnownFileType = sourcecode.swift; path = Viper_TaskUITests.swift; sourceTree = "<group>"; };
		1FE188AE289FFF5500E42B51 /* Viper_TaskUITestsLaunchTests.swift */ = {isa = PBXFileReference; lastKnownFileType = sourcecode.swift; path = Viper_TaskUITestsLaunchTests.swift; sourceTree = "<group>"; };
/* End PBXFileReference section */

/* Begin PBXFrameworksBuildPhase section */
		1FE18885289FFF5400E42B51 /* Frameworks */ = {
			isa = PBXFrameworksBuildPhase;
			buildActionMask = 2147483647;
			files = (
			);
			runOnlyForDeploymentPostprocessing = 0;
		};
		1FE1889B289FFF5500E42B51 /* Frameworks */ = {
			isa = PBXFrameworksBuildPhase;
			buildActionMask = 2147483647;
			files = (
			);
			runOnlyForDeploymentPostprocessing = 0;
		};
		1FE188A5289FFF5500E42B51 /* Frameworks */ = {
			isa = PBXFrameworksBuildPhase;
			buildActionMask = 2147483647;
			files = (
			);
			runOnlyForDeploymentPostprocessing = 0;
		};
/* End PBXFrameworksBuildPhase section */

/* Begin PBXGroup section */
		1FE1887F289FFF5400E42B51 = {
			isa = PBXGroup;
			children = (
				1FE1888A289FFF5400E42B51 /* Viper-Task */,
				1FE188A1289FFF5500E42B51 /* Viper-TaskTests */,
				1FE188AB289FFF5500E42B51 /* Viper-TaskUITests */,
				1FE18889289FFF5400E42B51 /* Products */,
			);
			sourceTree = "<group>";
		};
		1FE18889289FFF5400E42B51 /* Products */ = {
			isa = PBXGroup;
			children = (
				1FE18888289FFF5400E42B51 /* Viper-Task.app */,
				1FE1889E289FFF5500E42B51 /* Viper-TaskTests.xctest */,
				1FE188A8289FFF5500E42B51 /* Viper-TaskUITests.xctest */,
			);
			name = Products;
			sourceTree = "<group>";
		};
		1FE1888A289FFF5400E42B51 /* Viper-Task */ = {
			isa = PBXGroup;
			children = (
				1FE1888B289FFF5400E42B51 /* AppDelegate.swift */,
				1FE1888D289FFF5400E42B51 /* SceneDelegate.swift */,
				1FE1888F289FFF5400E42B51 /* ViewController.swift */,
				1FE18891289FFF5400E42B51 /* Main.storyboard */,
				1FE18894289FFF5500E42B51 /* Assets.xcassets */,
				1FE18896289FFF5500E42B51 /* LaunchScreen.storyboard */,
				1FE18899289FFF5500E42B51 /* Info.plist */,
			);
			path = "Viper-Task";
			sourceTree = "<group>";
		};
		1FE188A1289FFF5500E42B51 /* Viper-TaskTests */ = {
			isa = PBXGroup;
			children = (
				1FE188A2289FFF5500E42B51 /* Viper_TaskTests.swift */,
			);
			path = "Viper-TaskTests";
			sourceTree = "<group>";
		};
		1FE188AB289FFF5500E42B51 /* Viper-TaskUITests */ = {
			isa = PBXGroup;
			children = (
				1FE188AC289FFF5500E42B51 /* Viper_TaskUITests.swift */,
				1FE188AE289FFF5500E42B51 /* Viper_TaskUITestsLaunchTests.swift */,
			);
			path = "Viper-TaskUITests";
			sourceTree = "<group>";
		};
/* End PBXGroup section */

/* Begin PBXNativeTarget section */
		1FE18887289FFF5400E42B51 /* Viper-Task */ = {
			isa = PBXNativeTarget;
			buildConfigurationList = 1FE188B2289FFF5500E42B51 /* Build configuration list for PBXNativeTarget "Viper-Task" */;
			buildPhases = (
				1FE18884289FFF5400E42B51 /* Sources */,
				1FE18885289FFF5400E42B51 /* Frameworks */,
				1FE18886289FFF5400E42B51 /* Resources */,
			);
			buildRules = (
			);
			dependencies = (
			);
			name = "Viper-Task";
			productName = "Viper-Task";
			productReference = 1FE18888289FFF5400E42B51 /* Viper-Task.app */;
			productType = "com.apple.product-type.application";
		};
		1FE1889D289FFF5500E42B51 /* Viper-TaskTests */ = {
			isa = PBXNativeTarget;
			buildConfigurationList = 1FE188B5289FFF5500E42B51 /* Build configuration list for PBXNativeTarget "Viper-TaskTests" */;
			buildPhases = (
				1FE1889A289FFF5500E42B51 /* Sources */,
				1FE1889B289FFF5500E42B51 /* Frameworks */,
				1FE1889C289FFF5500E42B51 /* Resources */,
			);
			buildRules = (
			);
			dependencies = (
				1FE188A0289FFF5500E42B51 /* PBXTargetDependency */,
			);
			name = "Viper-TaskTests";
			productName = "Viper-TaskTests";
			productReference = 1FE1889E289FFF5500E42B51 /* Viper-TaskTests.xctest */;
			productType = "com.apple.product-type.bundle.unit-test";
		};
		1FE188A7289FFF5500E42B51 /* Viper-TaskUITests */ = {
			isa = PBXNativeTarget;
			buildConfigurationList = 1FE188B8289FFF5500E42B51 /* Build configuration list for PBXNativeTarget "Viper-TaskUITests" */;
			buildPhases = (
				1FE188A4289FFF5500E42B51 /* Sources */,
				1FE188A5289FFF5500E42B51 /* Frameworks */,
				1FE188A6289FFF5500E42B51 /* Resources */,
			);
			buildRules = (
			);
			dependencies = (
				1FE188AA289FFF5500E42B51 /* PBXTargetDependency */,
			);
			name = "Viper-TaskUITests";
			productName = "Viper-TaskUITests";
			productReference = 1FE188A8289FFF5500E42B51 /* Viper-TaskUITests.xctest */;
			productType = "com.apple.product-type.bundle.ui-testing";
		};
/* End PBXNativeTarget section */

/* Begin PBXProject section */
		1FE18880289FFF5400E42B51 /* Project object */ = {
			isa = PBXProject;
			attributes = {
				BuildIndependentTargetsInParallel = 1;
				LastSwiftUpdateCheck = 1340;
				LastUpgradeCheck = 1340;
				TargetAttributes = {
					1FE18887289FFF5400E42B51 = {
						CreatedOnToolsVersion = 13.4;
					};
					1FE1889D289FFF5500E42B51 = {
						CreatedOnToolsVersion = 13.4;
						TestTargetID = 1FE18887289FFF5400E42B51;
					};
					1FE188A7289FFF5500E42B51 = {
						CreatedOnToolsVersion = 13.4;
						TestTargetID = 1FE18887289FFF5400E42B51;
					};
				};
			};
			buildConfigurationList = 1FE18883289FFF5400E42B51 /* Build configuration list for PBXProject "Viper-Task" */;
			compatibilityVersion = "Xcode 13.0";
			developmentRegion = en;
			hasScannedForEncodings = 0;
			knownRegions = (
				en,
				Base,
			);
			mainGroup = 1FE1887F289FFF5400E42B51;
			productRefGroup = 1FE18889289FFF5400E42B51 /* Products */;
			projectDirPath = "";
			projectRoot = "";
			targets = (
				1FE18887289FFF5400E42B51 /* Viper-Task */,
				1FE1889D289FFF5500E42B51 /* Viper-TaskTests */,
				1FE188A7289FFF5500E42B51 /* Viper-TaskUITests */,
			);
		};
/* End PBXProject section */

/* Begin PBXResourcesBuildPhase section */
		1FE18886289FFF5400E42B51 /* Resources */ = {
			isa = PBXResourcesBuildPhase;
			buildActionMask = 2147483647;
			files = (
				1FE18898289FFF5500E42B51 /* LaunchScreen.storyboard in Resources */,
				1FE18895289FFF5500E42B51 /* Assets.xcassets in Resources */,
				1FE18893289FFF5400E42B51 /* Main.storyboard in Resources */,
			);
			runOnlyForDeploymentPostprocessing = 0;
		};
		1FE1889C289FFF5500E42B51 /* Resources */ = {
			isa = PBXResourcesBuildPhase;
			buildActionMask = 2147483647;
			files = (
			);
			runOnlyForDeploymentPostprocessing = 0;
		};
		1FE188A6289FFF5500E42B51 /* Resources */ = {
			isa = PBXResourcesBuildPhase;
			buildActionMask = 2147483647;
			files = (
			);
			runOnlyForDeploymentPostprocessing = 0;
		};
/* End PBXResourcesBuildPhase section */

/* Begin PBXSourcesBuildPhase section */
		1FE18884289FFF5400E42B51 /* Sources */ = {
			isa = PBXSourcesBuildPhase;
			buildActionMask = 2147483647;
			files = (
				1FE18890289FFF5400E42B51 /* ViewController.swift in Sources */,
				1FE1888C289FFF5400E42B51 /* AppDelegate.swift in Sources */,
				1FE1888E289FFF5400E42B51 /* SceneDelegate.swift in Sources */,
			);
			runOnlyForDeploymentPostprocessing = 0;
		};
		1FE1889A289FFF5500E42B51 /* Sources */ = {
			isa = PBXSourcesBuildPhase;
			buildActionMask = 2147483647;
			files = (
				1FE188A3289FFF5500E42B51 /* Viper_TaskTests.swift in Sources */,
			);
			runOnlyForDeploymentPostprocessing = 0;
		};
		1FE188A4289FFF5500E42B51 /* Sources */ = {
			isa = PBXSourcesBuildPhase;
			buildActionMask = 2147483647;
			files = (
				1FE188AF289FFF5500E42B51 /* Viper_TaskUITestsLaunchTests.swift in Sources */,
				1FE188AD289FFF5500E42B51 /* Viper_TaskUITests.swift in Sources */,
			);
			runOnlyForDeploymentPostprocessing = 0;
		};
/* End PBXSourcesBuildPhase section */

/* Begin PBXTargetDependency section */
		1FE188A0289FFF5500E42B51 /* PBXTargetDependency */ = {
			isa = PBXTargetDependency;
			target = 1FE18887289FFF5400E42B51 /* Viper-Task */;
			targetProxy = 1FE1889F289FFF5500E42B51 /* PBXContainerItemProxy */;
		};
		1FE188AA289FFF5500E42B51 /* PBXTargetDependency */ = {
			isa = PBXTargetDependency;
			target = 1FE18887289FFF5400E42B51 /* Viper-Task */;
			targetProxy = 1FE188A9289FFF5500E42B51 /* PBXContainerItemProxy */;
		};
/* End PBXTargetDependency section */

/* Begin PBXVariantGroup section */
		1FE18891289FFF5400E42B51 /* Main.storyboard */ = {
			isa = PBXVariantGroup;
			children = (
				1FE18892289FFF5400E42B51 /* Base */,
			);
			name = Main.storyboard;
			sourceTree = "<group>";
		};
		1FE18896289FFF5500E42B51 /* LaunchScreen.storyboard */ = {
			isa = PBXVariantGroup;
			children = (
				1FE18897289FFF5500E42B51 /* Base */,
			);
			name = LaunchScreen.storyboard;
			sourceTree = "<group>";
		};
/* End PBXVariantGroup section */

/* Begin XCBuildConfiguration section */
		1FE188B0289FFF5500E42B51 /* Debug */ = {
			isa = XCBuildConfiguration;
			buildSettings = {
				ALWAYS_SEARCH_USER_PATHS = NO;
				CLANG_ANALYZER_NONNULL = YES;
				CLANG_ANALYZER_NUMBER_OBJECT_CONVERSION = YES_AGGRESSIVE;
				CLANG_CXX_LANGUAGE_STANDARD = "gnu++17";
				CLANG_ENABLE_MODULES = YES;
				CLANG_ENABLE_OBJC_ARC = YES;
				CLANG_ENABLE_OBJC_WEAK = YES;
				CLANG_WARN_BLOCK_CAPTURE_AUTORELEASING = YES;
				CLANG_WARN_BOOL_CONVERSION = YES;
				CLANG_WARN_COMMA = YES;
				CLANG_WARN_CONSTANT_CONVERSION = YES;
				CLANG_WARN_DEPRECATED_OBJC_IMPLEMENTATIONS = YES;
				CLANG_WARN_DIRECT_OBJC_ISA_USAGE = YES_ERROR;
				CLANG_WARN_DOCUMENTATION_COMMENTS = YES;
				CLANG_WARN_EMPTY_BODY = YES;
				CLANG_WARN_ENUM_CONVERSION = YES;
				CLANG_WARN_INFINITE_RECURSION = YES;
				CLANG_WARN_INT_CONVERSION = YES;
				CLANG_WARN_NON_LITERAL_NULL_CONVERSION = YES;
				CLANG_WARN_OBJC_IMPLICIT_RETAIN_SELF = YES;
				CLANG_WARN_OBJC_LITERAL_CONVERSION = YES;
				CLANG_WARN_OBJC_ROOT_CLASS = YES_ERROR;
				CLANG_WARN_QUOTED_INCLUDE_IN_FRAMEWORK_HEADER = YES;
				CLANG_WARN_RANGE_LOOP_ANALYSIS = YES;
				CLANG_WARN_STRICT_PROTOTYPES = YES;
				CLANG_WARN_SUSPICIOUS_MOVE = YES;
				CLANG_WARN_UNGUARDED_AVAILABILITY = YES_AGGRESSIVE;
				CLANG_WARN_UNREACHABLE_CODE = YES;
				CLANG_WARN__DUPLICATE_METHOD_MATCH = YES;
				COPY_PHASE_STRIP = NO;
				DEBUG_INFORMATION_FORMAT = dwarf;
				ENABLE_STRICT_OBJC_MSGSEND = YES;
				ENABLE_TESTABILITY = YES;
				GCC_C_LANGUAGE_STANDARD = gnu11;
				GCC_DYNAMIC_NO_PIC = NO;
				GCC_NO_COMMON_BLOCKS = YES;
				GCC_OPTIMIZATION_LEVEL = 0;
				GCC_PREPROCESSOR_DEFINITIONS = (
					"DEBUG=1",
					"$(inherited)",
				);
				GCC_WARN_64_TO_32_BIT_CONVERSION = YES;
				GCC_WARN_ABOUT_RETURN_TYPE = YES_ERROR;
				GCC_WARN_UNDECLARED_SELECTOR = YES;
				GCC_WARN_UNINITIALIZED_AUTOS = YES_AGGRESSIVE;
				GCC_WARN_UNUSED_FUNCTION = YES;
				GCC_WARN_UNUSED_VARIABLE = YES;
				IPHONEOS_DEPLOYMENT_TARGET = 15.5;
				MTL_ENABLE_DEBUG_INFO = INCLUDE_SOURCE;
				MTL_FAST_MATH = YES;
				ONLY_ACTIVE_ARCH = YES;
				SDKROOT = iphoneos;
				SWIFT_ACTIVE_COMPILATION_CONDITIONS = DEBUG;
				SWIFT_OPTIMIZATION_LEVEL = "-Onone";
			};
			name = Debug;
		};
		1FE188B1289FFF5500E42B51 /* Release */ = {
			isa = XCBuildConfiguration;
			buildSettings = {
				ALWAYS_SEARCH_USER_PATHS = NO;
				CLANG_ANALYZER_NONNULL = YES;
				CLANG_ANALYZER_NUMBER_OBJECT_CONVERSION = YES_AGGRESSIVE;
				CLANG_CXX_LANGUAGE_STANDARD = "gnu++17";
				CLANG_ENABLE_MODULES = YES;
				CLANG_ENABLE_OBJC_ARC = YES;
				CLANG_ENABLE_OBJC_WEAK = YES;
				CLANG_WARN_BLOCK_CAPTURE_AUTORELEASING = YES;
				CLANG_WARN_BOOL_CONVERSION = YES;
				CLANG_WARN_COMMA = YES;
				CLANG_WARN_CONSTANT_CONVERSION = YES;
				CLANG_WARN_DEPRECATED_OBJC_IMPLEMENTATIONS = YES;
				CLANG_WARN_DIRECT_OBJC_ISA_USAGE = YES_ERROR;
				CLANG_WARN_DOCUMENTATION_COMMENTS = YES;
				CLANG_WARN_EMPTY_BODY = YES;
				CLANG_WARN_ENUM_CONVERSION = YES;
				CLANG_WARN_INFINITE_RECURSION = YES;
				CLANG_WARN_INT_CONVERSION = YES;
				CLANG_WARN_NON_LITERAL_NULL_CONVERSION = YES;
				CLANG_WARN_OBJC_IMPLICIT_RETAIN_SELF = YES;
				CLANG_WARN_OBJC_LITERAL_CONVERSION = YES;
				CLANG_WARN_OBJC_ROOT_CLASS = YES_ERROR;
				CLANG_WARN_QUOTED_INCLUDE_IN_FRAMEWORK_HEADER = YES;
				CLANG_WARN_RANGE_LOOP_ANALYSIS = YES;
				CLANG_WARN_STRICT_PROTOTYPES = YES;
				CLANG_WARN_SUSPICIOUS_MOVE = YES;
				CLANG_WARN_UNGUARDED_AVAILABILITY = YES_AGGRESSIVE;
				CLANG_WARN_UNREACHABLE_CODE = YES;
				CLANG_WARN__DUPLICATE_METHOD_MATCH = YES;
				COPY_PHASE_STRIP = NO;
				DEBUG_INFORMATION_FORMAT = "dwarf-with-dsym";
				ENABLE_NS_ASSERTIONS = NO;
				ENABLE_STRICT_OBJC_MSGSEND = YES;
				GCC_C_LANGUAGE_STANDARD = gnu11;
				GCC_NO_COMMON_BLOCKS = YES;
				GCC_WARN_64_TO_32_BIT_CONVERSION = YES;
				GCC_WARN_ABOUT_RETURN_TYPE = YES_ERROR;
				GCC_WARN_UNDECLARED_SELECTOR = YES;
				GCC_WARN_UNINITIALIZED_AUTOS = YES_AGGRESSIVE;
				GCC_WARN_UNUSED_FUNCTION = YES;
				GCC_WARN_UNUSED_VARIABLE = YES;
				IPHONEOS_DEPLOYMENT_TARGET = 15.5;
				MTL_ENABLE_DEBUG_INFO = NO;
				MTL_FAST_MATH = YES;
				SDKROOT = iphoneos;
				SWIFT_COMPILATION_MODE = wholemodule;
				SWIFT_OPTIMIZATION_LEVEL = "-O";
				VALIDATE_PRODUCT = YES;
			};
			name = Release;
		};
		1FE188B3289FFF5500E42B51 /* Debug */ = {
			isa = XCBuildConfiguration;
			buildSettings = {
				ASSETCATALOG_COMPILER_APPICON_NAME = AppIcon;
				ASSETCATALOG_COMPILER_GLOBAL_ACCENT_COLOR_NAME = AccentColor;
				CODE_SIGN_STYLE = Automatic;
				CURRENT_PROJECT_VERSION = 1;
				DEVELOPMENT_TEAM = 62UKZ6Y688;
				GENERATE_INFOPLIST_FILE = YES;
				INFOPLIST_FILE = "Viper-Task/Info.plist";
				INFOPLIST_KEY_UIApplicationSupportsIndirectInputEvents = YES;
				INFOPLIST_KEY_UILaunchStoryboardName = LaunchScreen;
				INFOPLIST_KEY_UIMainStoryboardFile = Main;
				INFOPLIST_KEY_UISupportedInterfaceOrientations_iPad = "UIInterfaceOrientationPortrait UIInterfaceOrientationPortraitUpsideDown UIInterfaceOrientationLandscapeLeft UIInterfaceOrientationLandscapeRight";
				INFOPLIST_KEY_UISupportedInterfaceOrientations_iPhone = "UIInterfaceOrientationPortrait UIInterfaceOrientationLandscapeLeft UIInterfaceOrientationLandscapeRight";
				LD_RUNPATH_SEARCH_PATHS = (
					"$(inherited)",
					"@executable_path/Frameworks",
				);
				MARKETING_VERSION = 1.0;
				PRODUCT_BUNDLE_IDENTIFIER = "lashmanov.Viper-Task";
				PRODUCT_NAME = "$(TARGET_NAME)";
				SWIFT_EMIT_LOC_STRINGS = YES;
				SWIFT_VERSION = 5.0;
				TARGETED_DEVICE_FAMILY = "1,2";
			};
			name = Debug;
		};
		1FE188B4289FFF5500E42B51 /* Release */ = {
			isa = XCBuildConfiguration;
			buildSettings = {
				ASSETCATALOG_COMPILER_APPICON_NAME = AppIcon;
				ASSETCATALOG_COMPILER_GLOBAL_ACCENT_COLOR_NAME = AccentColor;
				CODE_SIGN_STYLE = Automatic;
				CURRENT_PROJECT_VERSION = 1;
				DEVELOPMENT_TEAM = 62UKZ6Y688;
				GENERATE_INFOPLIST_FILE = YES;
				INFOPLIST_FILE = "Viper-Task/Info.plist";
				INFOPLIST_KEY_UIApplicationSupportsIndirectInputEvents = YES;
				INFOPLIST_KEY_UILaunchStoryboardName = LaunchScreen;
				INFOPLIST_KEY_UIMainStoryboardFile = Main;
				INFOPLIST_KEY_UISupportedInterfaceOrientations_iPad = "UIInterfaceOrientationPortrait UIInterfaceOrientationPortraitUpsideDown UIInterfaceOrientationLandscapeLeft UIInterfaceOrientationLandscapeRight";
				INFOPLIST_KEY_UISupportedInterfaceOrientations_iPhone = "UIInterfaceOrientationPortrait UIInterfaceOrientationLandscapeLeft UIInterfaceOrientationLandscapeRight";
				LD_RUNPATH_SEARCH_PATHS = (
					"$(inherited)",
					"@executable_path/Frameworks",
				);
				MARKETING_VERSION = 1.0;
				PRODUCT_BUNDLE_IDENTIFIER = "lashmanov.Viper-Task";
				PRODUCT_NAME = "$(TARGET_NAME)";
				SWIFT_EMIT_LOC_STRINGS = YES;
				SWIFT_VERSION = 5.0;
				TARGETED_DEVICE_FAMILY = "1,2";
			};
			name = Release;
		};
		1FE188B6289FFF5500E42B51 /* Debug */ = {
			isa = XCBuildConfiguration;
			buildSettings = {
				ALWAYS_EMBED_SWIFT_STANDARD_LIBRARIES = YES;
				BUNDLE_LOADER = "$(TEST_HOST)";
				CODE_SIGN_STYLE = Automatic;
				CURRENT_PROJECT_VERSION = 1;
				DEVELOPMENT_TEAM = 62UKZ6Y688;
				GENERATE_INFOPLIST_FILE = YES;
				IPHONEOS_DEPLOYMENT_TARGET = 15.5;
				MARKETING_VERSION = 1.0;
				PRODUCT_BUNDLE_IDENTIFIER = "lashmanov.Viper-TaskTests";
				PRODUCT_NAME = "$(TARGET_NAME)";
				SWIFT_EMIT_LOC_STRINGS = NO;
				SWIFT_VERSION = 5.0;
				TARGETED_DEVICE_FAMILY = "1,2";
				TEST_HOST = "$(BUILT_PRODUCTS_DIR)/Viper-Task.app/Viper-Task";
			};
			name = Debug;
		};
		1FE188B7289FFF5500E42B51 /* Release */ = {
			isa = XCBuildConfiguration;
			buildSettings = {
				ALWAYS_EMBED_SWIFT_STANDARD_LIBRARIES = YES;
				BUNDLE_LOADER = "$(TEST_HOST)";
				CODE_SIGN_STYLE = Automatic;
				CURRENT_PROJECT_VERSION = 1;
				DEVELOPMENT_TEAM = 62UKZ6Y688;
				GENERATE_INFOPLIST_FILE = YES;
				IPHONEOS_DEPLOYMENT_TARGET = 15.5;
				MARKETING_VERSION = 1.0;
				PRODUCT_BUNDLE_IDENTIFIER = "lashmanov.Viper-TaskTests";
				PRODUCT_NAME = "$(TARGET_NAME)";
				SWIFT_EMIT_LOC_STRINGS = NO;
				SWIFT_VERSION = 5.0;
				TARGETED_DEVICE_FAMILY = "1,2";
				TEST_HOST = "$(BUILT_PRODUCTS_DIR)/Viper-Task.app/Viper-Task";
			};
			name = Release;
		};
		1FE188B9289FFF5500E42B51 /* Debug */ = {
			isa = XCBuildConfiguration;
			buildSettings = {
				ALWAYS_EMBED_SWIFT_STANDARD_LIBRARIES = YES;
				CODE_SIGN_STYLE = Automatic;
				CURRENT_PROJECT_VERSION = 1;
				DEVELOPMENT_TEAM = 62UKZ6Y688;
				GENERATE_INFOPLIST_FILE = YES;
				MARKETING_VERSION = 1.0;
				PRODUCT_BUNDLE_IDENTIFIER = "lashmanov.Viper-TaskUITests";
				PRODUCT_NAME = "$(TARGET_NAME)";
				SWIFT_EMIT_LOC_STRINGS = NO;
				SWIFT_VERSION = 5.0;
				TARGETED_DEVICE_FAMILY = "1,2";
				TEST_TARGET_NAME = "Viper-Task";
			};
			name = Debug;
		};
		1FE188BA289FFF5500E42B51 /* Release */ = {
			isa = XCBuildConfiguration;
			buildSettings = {
				ALWAYS_EMBED_SWIFT_STANDARD_LIBRARIES = YES;
				CODE_SIGN_STYLE = Automatic;
				CURRENT_PROJECT_VERSION = 1;
				DEVELOPMENT_TEAM = 62UKZ6Y688;
				GENERATE_INFOPLIST_FILE = YES;
				MARKETING_VERSION = 1.0;
				PRODUCT_BUNDLE_IDENTIFIER = "lashmanov.Viper-TaskUITests";
				PRODUCT_NAME = "$(TARGET_NAME)";
				SWIFT_EMIT_LOC_STRINGS = NO;
				SWIFT_VERSION = 5.0;
				TARGETED_DEVICE_FAMILY = "1,2";
				TEST_TARGET_NAME = "Viper-Task";
			};
			name = Release;
		};
/* End XCBuildConfiguration section */

/* Begin XCConfigurationList section */
		1FE18883289FFF5400E42B51 /* Build configuration list for PBXProject "Viper-Task" */ = {
			isa = XCConfigurationList;
			buildConfigurations = (
				1FE188B0289FFF5500E42B51 /* Debug */,
				1FE188B1289FFF5500E42B51 /* Release */,
			);
			defaultConfigurationIsVisible = 0;
			defaultConfigurationName = Release;
		};
		1FE188B2289FFF5500E42B51 /* Build configuration list for PBXNativeTarget "Viper-Task" */ = {
			isa = XCConfigurationList;
			buildConfigurations = (
				1FE188B3289FFF5500E42B51 /* Debug */,
				1FE188B4289FFF5500E42B51 /* Release */,
			);
			defaultConfigurationIsVisible = 0;
			defaultConfigurationName = Release;
		};
		1FE188B5289FFF5500E42B51 /* Build configuration list for PBXNativeTarget "Viper-TaskTests" */ = {
			isa = XCConfigurationList;
			buildConfigurations = (
				1FE188B6289FFF5500E42B51 /* Debug */,
				1FE188B7289FFF5500E42B51 /* Release */,
			);
			defaultConfigurationIsVisible = 0;
			defaultConfigurationName = Release;
		};
		1FE188B8289FFF5500E42B51 /* Build configuration list for PBXNativeTarget "Viper-TaskUITests" */ = {
			isa = XCConfigurationList;
			buildConfigurations = (
				1FE188B9289FFF5500E42B51 /* Debug */,
				1FE188BA289FFF5500E42B51 /* Release */,
			);
			defaultConfigurationIsVisible = 0;
			defaultConfigurationName = Release;
		};
/* End XCConfigurationList section */
	};
	rootObject = 1FE18880289FFF5400E42B51 /* Project object */;
}
